{
  "requires": true,
  "lockfileVersion": 1,
  "dependencies": {
    "slugme": {
      "version": "1.1.1",
      "resolved": "https://registry.npmjs.org/slugme/-/slugme-1.1.1.tgz",
      "integrity": "sha512-aGzwmqBTbmH1I2WXg72SL9u5qbIABIpsx5uyyknSdIh2U0BBT4+8++9z63edZWlPl3K1wngi2VHAEg7S06L+0Q=="
    }
  }
}
